// !$*UTF8*$!
{
	archiveVersion = 1;
	classes = {
	};
	objectVersion = 55;
	objects = {

/* Begin PBXBuildFile section */
		AC38D98027FFFD1D00DEEC32 /* ForgetPasswordView.swift in Sources */ = {isa = PBXBuildFile; fileRef = AC38D97F27FFFD1D00DEEC32 /* ForgetPasswordView.swift */; };
		AC82AEA127FEC3E900CD093D /* DemoIosAppApp.swift in Sources */ = {isa = PBXBuildFile; fileRef = AC82AEA027FEC3E900CD093D /* DemoIosAppApp.swift */; };
		AC82AEA327FEC3E900CD093D /* ContentView.swift in Sources */ = {isa = PBXBuildFile; fileRef = AC82AEA227FEC3E900CD093D /* ContentView.swift */; };
		AC82AEA527FEC3EA00CD093D /* Assets.xcassets in Resources */ = {isa = PBXBuildFile; fileRef = AC82AEA427FEC3EA00CD093D /* Assets.xcassets */; };
		AC82AEA827FEC3EA00CD093D /* Preview Assets.xcassets in Resources */ = {isa = PBXBuildFile; fileRef = AC82AEA727FEC3EA00CD093D /* Preview Assets.xcassets */; };
		AC82AEAF27FEC40200CD093D /* LoginView.swift in Sources */ = {isa = PBXBuildFile; fileRef = AC82AEAE27FEC40200CD093D /* LoginView.swift */; };
		AC82AEB127FEC45200CD093D /* SignUpView.swift in Sources */ = {isa = PBXBuildFile; fileRef = AC82AEB027FEC45200CD093D /* SignUpView.swift */; };
		AC82AEB427FEE57000CD093D /* SecureInput.swift in Sources */ = {isa = PBXBuildFile; fileRef = AC82AEB327FEE57000CD093D /* SecureInput.swift */; };
/* End PBXBuildFile section */

/* Begin PBXFileReference section */
		AC38D97F27FFFD1D00DEEC32 /* ForgetPasswordView.swift */ = {isa = PBXFileReference; lastKnownFileType = sourcecode.swift; path = ForgetPasswordView.swift; sourceTree = "<group>"; };
		AC82AE9D27FEC3E900CD093D /* DemoIosApp.app */ = {isa = PBXFileReference; explicitFileType = wrapper.application; includeInIndex = 0; path = DemoIosApp.app; sourceTree = BUILT_PRODUCTS_DIR; };
		AC82AEA027FEC3E900CD093D /* DemoIosAppApp.swift */ = {isa = PBXFileReference; lastKnownFileType = sourcecode.swift; path = DemoIosAppApp.swift; sourceTree = "<group>"; };
		AC82AEA227FEC3E900CD093D /* ContentView.swift */ = {isa = PBXFileReference; lastKnownFileType = sourcecode.swift; path = ContentView.swift; sourceTree = "<group>"; };
		AC82AEA427FEC3EA00CD093D /* Assets.xcassets */ = {isa = PBXFileReference; lastKnownFileType = folder.assetcatalog; path = Assets.xcassets; sourceTree = "<group>"; };
		AC82AEA727FEC3EA00CD093D /* Preview Assets.xcassets */ = {isa = PBXFileReference; lastKnownFileType = folder.assetcatalog; path = "Preview Assets.xcassets"; sourceTree = "<group>"; };
		AC82AEAE27FEC40200CD093D /* LoginView.swift */ = {isa = PBXFileReference; lastKnownFileType = sourcecode.swift; path = LoginView.swift; sourceTree = "<group>"; };
		AC82AEB027FEC45200CD093D /* SignUpView.swift */ = {isa = PBXFileReference; lastKnownFileType = sourcecode.swift; path = SignUpView.swift; sourceTree = "<group>"; };
		AC82AEB327FEE57000CD093D /* SecureInput.swift */ = {isa = PBXFileReference; lastKnownFileType = sourcecode.swift; path = SecureInput.swift; sourceTree = "<group>"; };
/* End PBXFileReference section */

/* Begin PBXFrameworksBuildPhase section */
		AC82AE9A27FEC3E900CD093D /* Frameworks */ = {
			isa = PBXFrameworksBuildPhase;
			buildActionMask = 2147483647;
			files = (
			);
			runOnlyForDeploymentPostprocessing = 0;
		};
/* End PBXFrameworksBuildPhase section */

/* Begin PBXGroup section */
		AC82AE9427FEC3E800CD093D = {
			isa = PBXGroup;
			children = (
				AC82AE9F27FEC3E900CD093D /* DemoIosApp */,
				AC82AE9E27FEC3E900CD093D /* Products */,
			);
			sourceTree = "<group>";
		};
		AC82AE9E27FEC3E900CD093D /* Products */ = {
			isa = PBXGroup;
			children = (
				AC82AE9D27FEC3E900CD093D /* DemoIosApp.app */,
			);
			name = Products;
			sourceTree = "<group>";
		};
		AC82AE9F27FEC3E900CD093D /* DemoIosApp */ = {
			isa = PBXGroup;
			children = (
				AC82AEB227FEE53E00CD093D /* Helper */,
				AC82AEA027FEC3E900CD093D /* DemoIosAppApp.swift */,
				AC82AEA227FEC3E900CD093D /* ContentView.swift */,
				AC82AEAE27FEC40200CD093D /* LoginView.swift */,
				AC82AEB027FEC45200CD093D /* SignUpView.swift */,
				AC38D97F27FFFD1D00DEEC32 /* ForgetPasswordView.swift */,
				AC82AEA427FEC3EA00CD093D /* Assets.xcassets */,
				AC82AEA627FEC3EA00CD093D /* Preview Content */,
			);
			path = DemoIosApp;
			sourceTree = "<group>";
		};
		AC82AEA627FEC3EA00CD093D /* Preview Content */ = {
			isa = PBXGroup;
			children = (
				AC82AEA727FEC3EA00CD093D /* Preview Assets.xcassets */,
			);
			path = "Preview Content";
			sourceTree = "<group>";
		};
		AC82AEB227FEE53E00CD093D /* Helper */ = {
			isa = PBXGroup;
			children = (
				AC82AEB327FEE57000CD093D /* SecureInput.swift */,
			);
			path = Helper;
			sourceTree = "<group>";
		};
/* End PBXGroup section */

/* Begin PBXNativeTarget section */
		AC82AE9C27FEC3E900CD093D /* DemoIosApp */ = {
			isa = PBXNativeTarget;
			buildConfigurationList = AC82AEAB27FEC3EA00CD093D /* Build configuration list for PBXNativeTarget "DemoIosApp" */;
			buildPhases = (
				AC82AE9927FEC3E900CD093D /* Sources */,
				AC82AE9A27FEC3E900CD093D /* Frameworks */,
				AC82AE9B27FEC3E900CD093D /* Resources */,
			);
			buildRules = (
			);
			dependencies = (
			);
			name = DemoIosApp;
			productName = DemoIosApp;
			productReference = AC82AE9D27FEC3E900CD093D /* DemoIosApp.app */;
			productType = "com.apple.product-type.application";
		};
/* End PBXNativeTarget section */

/* Begin PBXProject section */
		AC82AE9527FEC3E800CD093D /* Project object */ = {
			isa = PBXProject;
			attributes = {
				BuildIndependentTargetsInParallel = 1;
				LastSwiftUpdateCheck = 1330;
				LastUpgradeCheck = 1330;
				TargetAttributes = {
					AC82AE9C27FEC3E900CD093D = {
						CreatedOnToolsVersion = 13.3;
					};
				};
			};
			buildConfigurationList = AC82AE9827FEC3E800CD093D /* Build configuration list for PBXProject "DemoIosApp" */;
			compatibilityVersion = "Xcode 13.0";
			developmentRegion = en;
			hasScannedForEncodings = 0;
			knownRegions = (
				en,
				Base,
			);
			mainGroup = AC82AE9427FEC3E800CD093D;
			productRefGroup = AC82AE9E27FEC3E900CD093D /* Products */;
			projectDirPath = "";
			projectRoot = "";
			targets = (
				AC82AE9C27FEC3E900CD093D /* DemoIosApp */,
			);
		};
/* End PBXProject section */

/* Begin PBXResourcesBuildPhase section */
		AC82AE9B27FEC3E900CD093D /* Resources */ = {
			isa = PBXResourcesBuildPhase;
			buildActionMask = 2147483647;
			files = (
				AC82AEA827FEC3EA00CD093D /* Preview Assets.xcassets in Resources */,
				AC82AEA527FEC3EA00CD093D /* Assets.xcassets in Resources */,
			);
			runOnlyForDeploymentPostprocessing = 0;
		};
/* End PBXResourcesBuildPhase section */

/* Begin PBXSourcesBuildPhase section */
		AC82AE9927FEC3E900CD093D /* Sources */ = {
			isa = PBXSourcesBuildPhase;
			buildActionMask = 2147483647;
			files = (
				AC82AEB127FEC45200CD093D /* SignUpView.swift in Sources */,
				AC82AEAF27FEC40200CD093D /* LoginView.swift in Sources */,
				AC82AEA327FEC3E900CD093D /* ContentView.swift in Sources */,
				AC82AEA127FEC3E900CD093D /* DemoIosAppApp.swift in Sources */,
				AC38D98027FFFD1D00DEEC32 /* ForgetPasswordView.swift in Sources */,
				AC82AEB427FEE57000CD093D /* SecureInput.swift in Sources */,
			);
			runOnlyForDeploymentPostprocessing = 0;
		};
/* End PBXSourcesBuildPhase section */

/* Begin XCBuildConfiguration section */
		AC82AEA927FEC3EA00CD093D /* Debug */ = {
			isa = XCBuildConfiguration;
			buildSettings = {
				ALWAYS_SEARCH_USER_PATHS = NO;
				CLANG_ANALYZER_NONNULL = YES;
				CLANG_ANALYZER_NUMBER_OBJECT_CONVERSION = YES_AGGRESSIVE;
				CLANG_CXX_LANGUAGE_STANDARD = "gnu++17";
				CLANG_ENABLE_MODULES = YES;
				CLANG_ENABLE_OBJC_ARC = YES;
				CLANG_ENABLE_OBJC_WEAK = YES;
				CLANG_WARN_BLOCK_CAPTURE_AUTORELEASING = YES;
				CLANG_WARN_BOOL_CONVERSION = YES;
				CLANG_WARN_COMMA = YES;
				CLANG_WARN_CONSTANT_CONVERSION = YES;
				CLANG_WARN_DEPRECATED_OBJC_IMPLEMENTATIONS = YES;
				CLANG_WARN_DIRECT_OBJC_ISA_USAGE = YES_ERROR;
				CLANG_WARN_DOCUMENTATION_COMMENTS = YES;
				CLANG_WARN_EMPTY_BODY = YES;
				CLANG_WARN_ENUM_CONVERSION = YES;
				CLANG_WARN_INFINITE_RECURSION = YES;
				CLANG_WARN_INT_CONVERSION = YES;
				CLANG_WARN_NON_LITERAL_NULL_CONVERSION = YES;
				CLANG_WARN_OBJC_IMPLICIT_RETAIN_SELF = YES;
				CLANG_WARN_OBJC_LITERAL_CONVERSION = YES;
				CLANG_WARN_OBJC_ROOT_CLASS = YES_ERROR;
				CLANG_WARN_QUOTED_INCLUDE_IN_FRAMEWORK_HEADER = YES;
				CLANG_WARN_RANGE_LOOP_ANALYSIS = YES;
				CLANG_WARN_STRICT_PROTOTYPES = YES;
				CLANG_WARN_SUSPICIOUS_MOVE = YES;
				CLANG_WARN_UNGUARDED_AVAILABILITY = YES_AGGRESSIVE;
				CLANG_WARN_UNREACHABLE_CODE = YES;
				CLANG_WARN__DUPLICATE_METHOD_MATCH = YES;
				COPY_PHASE_STRIP = NO;
				DEBUG_INFORMATION_FORMAT = dwarf;
				ENABLE_STRICT_OBJC_MSGSEND = YES;
				ENABLE_TESTABILITY = YES;
				GCC_C_LANGUAGE_STANDARD = gnu11;
				GCC_DYNAMIC_NO_PIC = NO;
				GCC_NO_COMMON_BLOCKS = YES;
				GCC_OPTIMIZATION_LEVEL = 0;
				GCC_PREPROCESSOR_DEFINITIONS = (
					"DEBUG=1",
					"$(inherited)",
				);
				GCC_WARN_64_TO_32_BIT_CONVERSION = YES;
				GCC_WARN_ABOUT_RETURN_TYPE = YES_ERROR;
				GCC_WARN_UNDECLARED_SELECTOR = YES;
				GCC_WARN_UNINITIALIZED_AUTOS = YES_AGGRESSIVE;
				GCC_WARN_UNUSED_FUNCTION = YES;
				GCC_WARN_UNUSED_VARIABLE = YES;
				IPHONEOS_DEPLOYMENT_TARGET = 15.4;
				MTL_ENABLE_DEBUG_INFO = INCLUDE_SOURCE;
				MTL_FAST_MATH = YES;
				ONLY_ACTIVE_ARCH = YES;
				SDKROOT = iphoneos;
				SWIFT_ACTIVE_COMPILATION_CONDITIONS = DEBUG;
				SWIFT_OPTIMIZATION_LEVEL = "-Onone";
			};
			name = Debug;
		};
		AC82AEAA27FEC3EA00CD093D /* Release */ = {
			isa = XCBuildConfiguration;
			buildSettings = {
				ALWAYS_SEARCH_USER_PATHS = NO;
				CLANG_ANALYZER_NONNULL = YES;
				CLANG_ANALYZER_NUMBER_OBJECT_CONVERSION = YES_AGGRESSIVE;
				CLANG_CXX_LANGUAGE_STANDARD = "gnu++17";
				CLANG_ENABLE_MODULES = YES;
				CLANG_ENABLE_OBJC_ARC = YES;
				CLANG_ENABLE_OBJC_WEAK = YES;
				CLANG_WARN_BLOCK_CAPTURE_AUTORELEASING = YES;
				CLANG_WARN_BOOL_CONVERSION = YES;
				CLANG_WARN_COMMA = YES;
				CLANG_WARN_CONSTANT_CONVERSION = YES;
				CLANG_WARN_DEPRECATED_OBJC_IMPLEMENTATIONS = YES;
				CLANG_WARN_DIRECT_OBJC_ISA_USAGE = YES_ERROR;
				CLANG_WARN_DOCUMENTATION_COMMENTS = YES;
				CLANG_WARN_EMPTY_BODY = YES;
				CLANG_WARN_ENUM_CONVERSION = YES;
				CLANG_WARN_INFINITE_RECURSION = YES;
				CLANG_WARN_INT_CONVERSION = YES;
				CLANG_WARN_NON_LITERAL_NULL_CONVERSION = YES;
				CLANG_WARN_OBJC_IMPLICIT_RETAIN_SELF = YES;
				CLANG_WARN_OBJC_LITERAL_CONVERSION = YES;
				CLANG_WARN_OBJC_ROOT_CLASS = YES_ERROR;
				CLANG_WARN_QUOTED_INCLUDE_IN_FRAMEWORK_HEADER = YES;
				CLANG_WARN_RANGE_LOOP_ANALYSIS = YES;
				CLANG_WARN_STRICT_PROTOTYPES = YES;
				CLANG_WARN_SUSPICIOUS_MOVE = YES;
				CLANG_WARN_UNGUARDED_AVAILABILITY = YES_AGGRESSIVE;
				CLANG_WARN_UNREACHABLE_CODE = YES;
				CLANG_WARN__DUPLICATE_METHOD_MATCH = YES;
				COPY_PHASE_STRIP = NO;
				DEBUG_INFORMATION_FORMAT = "dwarf-with-dsym";
				ENABLE_NS_ASSERTIONS = NO;
				ENABLE_STRICT_OBJC_MSGSEND = YES;
				GCC_C_LANGUAGE_STANDARD = gnu11;
				GCC_NO_COMMON_BLOCKS = YES;
				GCC_WARN_64_TO_32_BIT_CONVERSION = YES;
				GCC_WARN_ABOUT_RETURN_TYPE = YES_ERROR;
				GCC_WARN_UNDECLARED_SELECTOR = YES;
				GCC_WARN_UNINITIALIZED_AUTOS = YES_AGGRESSIVE;
				GCC_WARN_UNUSED_FUNCTION = YES;
				GCC_WARN_UNUSED_VARIABLE = YES;
				IPHONEOS_DEPLOYMENT_TARGET = 15.4;
				MTL_ENABLE_DEBUG_INFO = NO;
				MTL_FAST_MATH = YES;
				SDKROOT = iphoneos;
				SWIFT_COMPILATION_MODE = wholemodule;
				SWIFT_OPTIMIZATION_LEVEL = "-O";
				VALIDATE_PRODUCT = YES;
			};
			name = Release;
		};
		AC82AEAC27FEC3EA00CD093D /* Debug */ = {
			isa = XCBuildConfiguration;
			buildSettings = {
				ASSETCATALOG_COMPILER_APPICON_NAME = AppIcon;
				ASSETCATALOG_COMPILER_GLOBAL_ACCENT_COLOR_NAME = AccentColor;
				CODE_SIGN_STYLE = Automatic;
				CURRENT_PROJECT_VERSION = 1;
				DEVELOPMENT_ASSET_PATHS = "\"DemoIosApp/Preview Content\"";
				DEVELOPMENT_TEAM = LU893QGJWJ;
				ENABLE_PREVIEWS = YES;
				GENERATE_INFOPLIST_FILE = YES;
				INFOPLIST_KEY_UIApplicationSceneManifest_Generation = YES;
				INFOPLIST_KEY_UIApplicationSupportsIndirectInputEvents = YES;
				INFOPLIST_KEY_UILaunchScreen_Generation = YES;
				INFOPLIST_KEY_UISupportedInterfaceOrientations_iPad = "UIInterfaceOrientationPortrait UIInterfaceOrientationPortraitUpsideDown UIInterfaceOrientationLandscapeLeft UIInterfaceOrientationLandscapeRight";
				INFOPLIST_KEY_UISupportedInterfaceOrientations_iPhone = "UIInterfaceOrientationPortrait UIInterfaceOrientationLandscapeLeft UIInterfaceOrientationLandscapeRight";
				LD_RUNPATH_SEARCH_PATHS = (
					"$(inherited)",
					"@executable_path/Frameworks",
				);
				MARKETING_VERSION = 1.0;
				PRODUCT_BUNDLE_IDENTIFIER = com.test.DemoIosApp;
				PRODUCT_NAME = "$(TARGET_NAME)";
				SWIFT_EMIT_LOC_STRINGS = YES;
				SWIFT_VERSION = 5.0;
				TARGETED_DEVICE_FAMILY = "1,2";
			};
			name = Debug;
		};
		AC82AEAD27FEC3EA00CD093D /* Release */ = {
			isa = XCBuildConfiguration;
			buildSettings = {
				ASSETCATALOG_COMPILER_APPICON_NAME = AppIcon;
				ASSETCATALOG_COMPILER_GLOBAL_ACCENT_COLOR_NAME = AccentColor;
				CODE_SIGN_STYLE = Automatic;
				CURRENT_PROJECT_VERSION = 1;
				DEVELOPMENT_ASSET_PATHS = "\"DemoIosApp/Preview Content\"";
				DEVELOPMENT_TEAM = LU893QGJWJ;
				ENABLE_PREVIEWS = YES;
				GENERATE_INFOPLIST_FILE = YES;
				INFOPLIST_KEY_UIApplicationSceneManifest_Generation = YES;
				INFOPLIST_KEY_UIApplicationSupportsIndirectInputEvents = YES;
				INFOPLIST_KEY_UILaunchScreen_Generation = YES;
				INFOPLIST_KEY_UISupportedInterfaceOrientations_iPad = "UIInterfaceOrientationPortrait UIInterfaceOrientationPortraitUpsideDown UIInterfaceOrientationLandscapeLeft UIInterfaceOrientationLandscapeRight";
				INFOPLIST_KEY_UISupportedInterfaceOrientations_iPhone = "UIInterfaceOrientationPortrait UIInterfaceOrientationLandscapeLeft UIInterfaceOrientationLandscapeRight";
				LD_RUNPATH_SEARCH_PATHS = (
					"$(inherited)",
					"@executable_path/Frameworks",
				);
				MARKETING_VERSION = 1.0;
				PRODUCT_BUNDLE_IDENTIFIER = com.test.DemoIosApp;
				PRODUCT_NAME = "$(TARGET_NAME)";
				SWIFT_EMIT_LOC_STRINGS = YES;
				SWIFT_VERSION = 5.0;
				TARGETED_DEVICE_FAMILY = "1,2";
			};
			name = Release;
		};
/* End XCBuildConfiguration section */

/* Begin XCConfigurationList section */
		AC82AE9827FEC3E800CD093D /* Build configuration list for PBXProject "DemoIosApp" */ = {
			isa = XCConfigurationList;
			buildConfigurations = (
				AC82AEA927FEC3EA00CD093D /* Debug */,
				AC82AEAA27FEC3EA00CD093D /* Release */,
			);
			defaultConfigurationIsVisible = 0;
			defaultConfigurationName = Release;
		};
		AC82AEAB27FEC3EA00CD093D /* Build configuration list for PBXNativeTarget "DemoIosApp" */ = {
			isa = XCConfigurationList;
			buildConfigurations = (
				AC82AEAC27FEC3EA00CD093D /* Debug */,
				AC82AEAD27FEC3EA00CD093D /* Release */,
			);
			defaultConfigurationIsVisible = 0;
			defaultConfigurationName = Release;
		};
/* End XCConfigurationList section */
	};
	rootObject = AC82AE9527FEC3E800CD093D /* Project object */;
}
